
Microsoft Visual Studio Solution File, Format Version 12.00
# Visual Studio Version 17
VisualStudioVersion = 17.5.33209.295
MinimumVisualStudioVersion = 10.0.40219.1
Project("{FAE04EC0-301F-11D3-BF4B-00C04F79EFBC}") = "Demand", "Demand\Demand.csproj", "{7B874E4D-3E17-4171-9908-FE342851585D}"
EndProject
Project("{FAE04EC0-301F-11D3-BF4B-00C04F79EFBC}") = "Demand.Components", "Demand.Components\Demand.Components.csproj", "{893FD2BA-90D8-4873-8AA1-4F26D452FF28}"
EndProject
Global
	GlobalSection(SolutionConfigurationPlatforms) = preSolution
		Debug|Any CPU = Debug|Any CPU
		Release|Any CPU = Release|Any CPU
	EndGlobalSection
	GlobalSection(ProjectConfigurationPlatforms) = postSolution
		{7B874E4D-3E17-4171-9908-FE342851585D}.Debug|Any CPU.ActiveCfg = Debug|Any CPU
		{7B874E4D-3E17-4171-9908-FE342851585D}.Debug|Any CPU.Build.0 = Debug|Any CPU
		{7B874E4D-3E17-4171-9908-FE342851585D}.Release|Any CPU.ActiveCfg = Release|Any CPU
		{7B874E4D-3E17-4171-9908-FE342851585D}.Release|Any CPU.Build.0 = Release|Any CPU
		{893FD2BA-90D8-4873-8AA1-4F26D452FF28}.Debug|Any CPU.ActiveCfg = Debug|Any CPU
		{893FD2BA-90D8-4873-8AA1-4F26D452FF28}.Debug|Any CPU.Build.0 = Debug|Any CPU
		{893FD2BA-90D8-4873-8AA1-4F26D452FF28}.Release|Any CPU.ActiveCfg = Release|Any CPU
		{893FD2BA-90D8-4873-8AA1-4F26D452FF28}.Release|Any CPU.Build.0 = Release|Any CPU
	EndGlobalSection
	GlobalSection(SolutionProperties) = preSolution
		HideSolutionNode = FALSE
	EndGlobalSection
	GlobalSection(ExtensibilityGlobals) = postSolution
		SolutionGuid = {CCB7C95D-E1D1-4A4B-8C52-ED60CD83CB80}
	EndGlobalSection
EndGlobal
